
Microsoft Visual Studio Solution File, Format Version 12.00
# Visual Studio 2013
VisualStudioVersion = 12.0.21005.1
MinimumVisualStudioVersion = 10.0.40219.1
Project("{FAE04EC0-301F-11D3-BF4B-00C04F79EFBC}") = "ExpLib", "ExpLib\ExpLib.csproj", "{77B4BFD8-D267-4691-B1AE-16CCBC6A00BD}"
EndProject
Project("{FAE04EC0-301F-11D3-BF4B-00C04F79EFBC}") = "WcfClient", "WcfClient\WcfClient.csproj", "{5D5BB13B-3EDD-4DB1-9E87-F27123058172}"
EndProject
Project("{FAE04EC0-301F-11D3-BF4B-00C04F79EFBC}") = "WcfHost", "WcfHost\WcfHost.csproj", "{FEF4C10C-114B-4C6B-9700-80D7374D6EF7}"
EndProject
Project("{FAE04EC0-301F-11D3-BF4B-00C04F79EFBC}") = "WcfLib", "WcfLib\WcfLib.csproj", "{D293D9B6-7D42-4446-A7D2-AB9C67E8CDA2}"
EndProject
Project("{FAE04EC0-301F-11D3-BF4B-00C04F79EFBC}") = "ExcelOp", "ExcelOp\ExcelOp.csproj", "{3161FEEE-1402-48C9-8DA7-3F4A9279A5A6}"
EndProject
Project("{FAE04EC0-301F-11D3-BF4B-00C04F79EFBC}") = "DataEncrypt", "DataEncrypt\DataEncrypt.csproj", "{D510E28F-8010-47F6-B5AC-1361C0BCF926}"
EndProject
Project("{FAE04EC0-301F-11D3-BF4B-00C04F79EFBC}") = "CalCoins", "CalCoins\CalCoins.csproj", "{C0109E00-1764-450C-B094-95191A2EB230}"
EndProject
Global
	GlobalSection(SolutionConfigurationPlatforms) = preSolution
		Debug|Any CPU = Debug|Any CPU
		Release|Any CPU = Release|Any CPU
	EndGlobalSection
	GlobalSection(ProjectConfigurationPlatforms) = postSolution
		{77B4BFD8-D267-4691-B1AE-16CCBC6A00BD}.Debug|Any CPU.ActiveCfg = Debug|Any CPU
		{77B4BFD8-D267-4691-B1AE-16CCBC6A00BD}.Debug|Any CPU.Build.0 = Debug|Any CPU
		{77B4BFD8-D267-4691-B1AE-16CCBC6A00BD}.Release|Any CPU.ActiveCfg = Release|Any CPU
		{77B4BFD8-D267-4691-B1AE-16CCBC6A00BD}.Release|Any CPU.Build.0 = Release|Any CPU
		{5D5BB13B-3EDD-4DB1-9E87-F27123058172}.Debug|Any CPU.ActiveCfg = Debug|Any CPU
		{5D5BB13B-3EDD-4DB1-9E87-F27123058172}.Debug|Any CPU.Build.0 = Debug|Any CPU
		{5D5BB13B-3EDD-4DB1-9E87-F27123058172}.Release|Any CPU.ActiveCfg = Release|Any CPU
		{5D5BB13B-3EDD-4DB1-9E87-F27123058172}.Release|Any CPU.Build.0 = Release|Any CPU
		{FEF4C10C-114B-4C6B-9700-80D7374D6EF7}.Debug|Any CPU.ActiveCfg = Debug|Any CPU
		{FEF4C10C-114B-4C6B-9700-80D7374D6EF7}.Debug|Any CPU.Build.0 = Debug|Any CPU
		{FEF4C10C-114B-4C6B-9700-80D7374D6EF7}.Release|Any CPU.ActiveCfg = Release|Any CPU
		{FEF4C10C-114B-4C6B-9700-80D7374D6EF7}.Release|Any CPU.Build.0 = Release|Any CPU
		{D293D9B6-7D42-4446-A7D2-AB9C67E8CDA2}.Debug|Any CPU.ActiveCfg = Debug|Any CPU
		{D293D9B6-7D42-4446-A7D2-AB9C67E8CDA2}.Debug|Any CPU.Build.0 = Debug|Any CPU
		{D293D9B6-7D42-4446-A7D2-AB9C67E8CDA2}.Release|Any CPU.ActiveCfg = Release|Any CPU
		{D293D9B6-7D42-4446-A7D2-AB9C67E8CDA2}.Release|Any CPU.Build.0 = Release|Any CPU
		{3161FEEE-1402-48C9-8DA7-3F4A9279A5A6}.Debug|Any CPU.ActiveCfg = Debug|Any CPU
		{3161FEEE-1402-48C9-8DA7-3F4A9279A5A6}.Debug|Any CPU.Build.0 = Debug|Any CPU
		{3161FEEE-1402-48C9-8DA7-3F4A9279A5A6}.Release|Any CPU.ActiveCfg = Release|Any CPU
		{3161FEEE-1402-48C9-8DA7-3F4A9279A5A6}.Release|Any CPU.Build.0 = Release|Any CPU
		{D510E28F-8010-47F6-B5AC-1361C0BCF926}.Debug|Any CPU.ActiveCfg = Debug|Any CPU
		{D510E28F-8010-47F6-B5AC-1361C0BCF926}.Debug|Any CPU.Build.0 = Debug|Any CPU
		{D510E28F-8010-47F6-B5AC-1361C0BCF926}.Release|Any CPU.ActiveCfg = Release|Any CPU
		{D510E28F-8010-47F6-B5AC-1361C0BCF926}.Release|Any CPU.Build.0 = Release|Any CPU
		{C0109E00-1764-450C-B094-95191A2EB230}.Debug|Any CPU.ActiveCfg = Debug|Any CPU
		{C0109E00-1764-450C-B094-95191A2EB230}.Debug|Any CPU.Build.0 = Debug|Any CPU
		{C0109E00-1764-450C-B094-95191A2EB230}.Release|Any CPU.ActiveCfg = Release|Any CPU
		{C0109E00-1764-450C-B094-95191A2EB230}.Release|Any CPU.Build.0 = Release|Any CPU
	EndGlobalSection
	GlobalSection(SolutionProperties) = preSolution
		HideSolutionNode = FALSE
	EndGlobalSection
EndGlobal
